
Microsoft Visual Studio Solution File, Format Version 12.00
# Visual Studio Version 17
VisualStudioVersion = 17.9.34616.47
MinimumVisualStudioVersion = 10.0.40219.1
Project("{2150E333-8FDC-42A3-9474-1A3956D46DE8}") = "src", "src", "{F826DBD0-F4C0-4850-8639-62717C53DFB4}"
EndProject
Project("{2150E333-8FDC-42A3-9474-1A3956D46DE8}") = "API", "API", "{9A07D7CC-AB78-49F5-9B7D-543A8A15BB41}"
EndProject
Project("{2150E333-8FDC-42A3-9474-1A3956D46DE8}") = "Core", "Core", "{606400CC-9EB4-45F9-8C57-FA93A724D409}"
EndProject
Project("{2150E333-8FDC-42A3-9474-1A3956D46DE8}") = "Infrastructure", "Infrastructure", "{82E552BC-348E-45FE-B5B2-ADD9F3586621}"
EndProject
Project("{FAE04EC0-301F-11D3-BF4B-00C04F79EFBC}") = "FileSystemAPI.Domain", "src\FileSystemAPI.Domain\FileSystemAPI.Domain.csproj", "{4BE74214-DFAD-4D6F-9837-8E681F666C8F}"
EndProject
Project("{FAE04EC0-301F-11D3-BF4B-00C04F79EFBC}") = "FileSystemAPI.Application", "src\FileSystemAPI.Application\FileSystemAPI.Application.csproj", "{BDA6A73A-1467-42D5-91FD-B95BC0409923}"
EndProject
Project("{FAE04EC0-301F-11D3-BF4B-00C04F79EFBC}") = "FileSystemAPI.Persistence", "src\FileSystemAPI.Persistence\FileSystemAPI.Persistence.csproj", "{EF98431E-61F1-486E-AA66-866D84582C01}"
EndProject
Project("{FAE04EC0-301F-11D3-BF4B-00C04F79EFBC}") = "FileSystemAPI.Api", "src\FileSystemAPI.Api\FileSystemAPI.Api.csproj", "{052807CD-9351-4D52-B688-3F86E2745FCB}"
EndProject
Global
	GlobalSection(SolutionConfigurationPlatforms) = preSolution
		Debug|Any CPU = Debug|Any CPU
		Release|Any CPU = Release|Any CPU
	EndGlobalSection
	GlobalSection(ProjectConfigurationPlatforms) = postSolution
		{4BE74214-DFAD-4D6F-9837-8E681F666C8F}.Debug|Any CPU.ActiveCfg = Debug|Any CPU
		{4BE74214-DFAD-4D6F-9837-8E681F666C8F}.Debug|Any CPU.Build.0 = Debug|Any CPU
		{4BE74214-DFAD-4D6F-9837-8E681F666C8F}.Release|Any CPU.ActiveCfg = Release|Any CPU
		{4BE74214-DFAD-4D6F-9837-8E681F666C8F}.Release|Any CPU.Build.0 = Release|Any CPU
		{BDA6A73A-1467-42D5-91FD-B95BC0409923}.Debug|Any CPU.ActiveCfg = Debug|Any CPU
		{BDA6A73A-1467-42D5-91FD-B95BC0409923}.Debug|Any CPU.Build.0 = Debug|Any CPU
		{BDA6A73A-1467-42D5-91FD-B95BC0409923}.Release|Any CPU.ActiveCfg = Release|Any CPU
		{BDA6A73A-1467-42D5-91FD-B95BC0409923}.Release|Any CPU.Build.0 = Release|Any CPU
		{EF98431E-61F1-486E-AA66-866D84582C01}.Debug|Any CPU.ActiveCfg = Debug|Any CPU
		{EF98431E-61F1-486E-AA66-866D84582C01}.Debug|Any CPU.Build.0 = Debug|Any CPU
		{EF98431E-61F1-486E-AA66-866D84582C01}.Release|Any CPU.ActiveCfg = Release|Any CPU
		{EF98431E-61F1-486E-AA66-866D84582C01}.Release|Any CPU.Build.0 = Release|Any CPU
		{052807CD-9351-4D52-B688-3F86E2745FCB}.Debug|Any CPU.ActiveCfg = Debug|Any CPU
		{052807CD-9351-4D52-B688-3F86E2745FCB}.Debug|Any CPU.Build.0 = Debug|Any CPU
		{052807CD-9351-4D52-B688-3F86E2745FCB}.Release|Any CPU.ActiveCfg = Release|Any CPU
		{052807CD-9351-4D52-B688-3F86E2745FCB}.Release|Any CPU.Build.0 = Release|Any CPU
	EndGlobalSection
	GlobalSection(SolutionProperties) = preSolution
		HideSolutionNode = FALSE
	EndGlobalSection
	GlobalSection(NestedProjects) = preSolution
		{9A07D7CC-AB78-49F5-9B7D-543A8A15BB41} = {F826DBD0-F4C0-4850-8639-62717C53DFB4}
		{606400CC-9EB4-45F9-8C57-FA93A724D409} = {F826DBD0-F4C0-4850-8639-62717C53DFB4}
		{82E552BC-348E-45FE-B5B2-ADD9F3586621} = {F826DBD0-F4C0-4850-8639-62717C53DFB4}
		{4BE74214-DFAD-4D6F-9837-8E681F666C8F} = {606400CC-9EB4-45F9-8C57-FA93A724D409}
		{BDA6A73A-1467-42D5-91FD-B95BC0409923} = {606400CC-9EB4-45F9-8C57-FA93A724D409}
		{EF98431E-61F1-486E-AA66-866D84582C01} = {82E552BC-348E-45FE-B5B2-ADD9F3586621}
		{052807CD-9351-4D52-B688-3F86E2745FCB} = {9A07D7CC-AB78-49F5-9B7D-543A8A15BB41}
	EndGlobalSection
	GlobalSection(ExtensibilityGlobals) = postSolution
		SolutionGuid = {C1AF8A38-8C0B-4530-9F0D-01B6AB75EF14}
	EndGlobalSection
EndGlobal
